
Microsoft Visual Studio Solution File, Format Version 12.00
# Visual Studio 15
VisualStudioVersion = 15.0.27703.2035
MinimumVisualStudioVersion = 10.0.40219.1
Project("{FAE04EC0-301F-11D3-BF4B-00C04F79EFBC}") = "DataStructureConApp", "DataStructureConApp\DataStructureConApp.csproj", "{6FA2B655-07EE-4141-9DAD-647756A819F8}"
EndProject
Global
	GlobalSection(SolutionConfigurationPlatforms) = preSolution
		Debug|Any CPU = Debug|Any CPU
		Release|Any CPU = Release|Any CPU
	EndGlobalSection
	GlobalSection(ProjectConfigurationPlatforms) = postSolution
		{6FA2B655-07EE-4141-9DAD-647756A819F8}.Debug|Any CPU.ActiveCfg = Debug|Any CPU
		{6FA2B655-07EE-4141-9DAD-647756A819F8}.Debug|Any CPU.Build.0 = Debug|Any CPU
		{6FA2B655-07EE-4141-9DAD-647756A819F8}.Release|Any CPU.ActiveCfg = Release|Any CPU
		{6FA2B655-07EE-4141-9DAD-647756A819F8}.Release|Any CPU.Build.0 = Release|Any CPU
	EndGlobalSection
	GlobalSection(SolutionProperties) = preSolution
		HideSolutionNode = FALSE
	EndGlobalSection
	GlobalSection(ExtensibilityGlobals) = postSolution
		SolutionGuid = {0DC51D6B-9EEA-4B73-A6D7-2B42591C1162}
	EndGlobalSection
EndGlobal
